
Microsoft Visual Studio Solution File, Format Version 12.00
# Visual Studio Version 16
VisualStudioVersion = 16.0.30114.105
MinimumVisualStudioVersion = 10.0.40219.1
Project("{FAE04EC0-301F-11D3-BF4B-00C04F79EFBC}") = "API", "API\API.csproj", "{D50C7589-D21E-436D-A58E-7BF93252F92D}"
EndProject
Project("{FAE04EC0-301F-11D3-BF4B-00C04F79EFBC}") = "Core", "core\Core.csproj", "{9EF65024-BA9C-44C2-A3E0-768013C26006}"
EndProject
Project("{FAE04EC0-301F-11D3-BF4B-00C04F79EFBC}") = "Infrastructure", "Infrastructure\Infrastructure.csproj", "{7E5C557C-B293-47C5-96AA-F5CDE4DA2323}"
EndProject
Global
	GlobalSection(SolutionConfigurationPlatforms) = preSolution
		Debug|Any CPU = Debug|Any CPU
		Debug|x64 = Debug|x64
		Debug|x86 = Debug|x86
		Release|Any CPU = Release|Any CPU
		Release|x64 = Release|x64
		Release|x86 = Release|x86
	EndGlobalSection
	GlobalSection(SolutionProperties) = preSolution
		HideSolutionNode = FALSE
	EndGlobalSection
	GlobalSection(ProjectConfigurationPlatforms) = postSolution
		{D50C7589-D21E-436D-A58E-7BF93252F92D}.Debug|Any CPU.ActiveCfg = Debug|Any CPU
		{D50C7589-D21E-436D-A58E-7BF93252F92D}.Debug|Any CPU.Build.0 = Debug|Any CPU
		{D50C7589-D21E-436D-A58E-7BF93252F92D}.Debug|x64.ActiveCfg = Debug|Any CPU
		{D50C7589-D21E-436D-A58E-7BF93252F92D}.Debug|x64.Build.0 = Debug|Any CPU
		{D50C7589-D21E-436D-A58E-7BF93252F92D}.Debug|x86.ActiveCfg = Debug|Any CPU
		{D50C7589-D21E-436D-A58E-7BF93252F92D}.Debug|x86.Build.0 = Debug|Any CPU
		{D50C7589-D21E-436D-A58E-7BF93252F92D}.Release|Any CPU.ActiveCfg = Release|Any CPU
		{D50C7589-D21E-436D-A58E-7BF93252F92D}.Release|Any CPU.Build.0 = Release|Any CPU
		{D50C7589-D21E-436D-A58E-7BF93252F92D}.Release|x64.ActiveCfg = Release|Any CPU
		{D50C7589-D21E-436D-A58E-7BF93252F92D}.Release|x64.Build.0 = Release|Any CPU
		{D50C7589-D21E-436D-A58E-7BF93252F92D}.Release|x86.ActiveCfg = Release|Any CPU
		{D50C7589-D21E-436D-A58E-7BF93252F92D}.Release|x86.Build.0 = Release|Any CPU
		{9EF65024-BA9C-44C2-A3E0-768013C26006}.Debug|Any CPU.ActiveCfg = Debug|Any CPU
		{9EF65024-BA9C-44C2-A3E0-768013C26006}.Debug|Any CPU.Build.0 = Debug|Any CPU
		{9EF65024-BA9C-44C2-A3E0-768013C26006}.Debug|x64.ActiveCfg = Debug|Any CPU
		{9EF65024-BA9C-44C2-A3E0-768013C26006}.Debug|x64.Build.0 = Debug|Any CPU
		{9EF65024-BA9C-44C2-A3E0-768013C26006}.Debug|x86.ActiveCfg = Debug|Any CPU
		{9EF65024-BA9C-44C2-A3E0-768013C26006}.Debug|x86.Build.0 = Debug|Any CPU
		{9EF65024-BA9C-44C2-A3E0-768013C26006}.Release|Any CPU.ActiveCfg = Release|Any CPU
		{9EF65024-BA9C-44C2-A3E0-768013C26006}.Release|Any CPU.Build.0 = Release|Any CPU
		{9EF65024-BA9C-44C2-A3E0-768013C26006}.Release|x64.ActiveCfg = Release|Any CPU
		{9EF65024-BA9C-44C2-A3E0-768013C26006}.Release|x64.Build.0 = Release|Any CPU
		{9EF65024-BA9C-44C2-A3E0-768013C26006}.Release|x86.ActiveCfg = Release|Any CPU
		{9EF65024-BA9C-44C2-A3E0-768013C26006}.Release|x86.Build.0 = Release|Any CPU
		{7E5C557C-B293-47C5-96AA-F5CDE4DA2323}.Debug|Any CPU.ActiveCfg = Debug|Any CPU
		{7E5C557C-B293-47C5-96AA-F5CDE4DA2323}.Debug|Any CPU.Build.0 = Debug|Any CPU
		{7E5C557C-B293-47C5-96AA-F5CDE4DA2323}.Debug|x64.ActiveCfg = Debug|Any CPU
		{7E5C557C-B293-47C5-96AA-F5CDE4DA2323}.Debug|x64.Build.0 = Debug|Any CPU
		{7E5C557C-B293-47C5-96AA-F5CDE4DA2323}.Debug|x86.ActiveCfg = Debug|Any CPU
		{7E5C557C-B293-47C5-96AA-F5CDE4DA2323}.Debug|x86.Build.0 = Debug|Any CPU
		{7E5C557C-B293-47C5-96AA-F5CDE4DA2323}.Release|Any CPU.ActiveCfg = Release|Any CPU
		{7E5C557C-B293-47C5-96AA-F5CDE4DA2323}.Release|Any CPU.Build.0 = Release|Any CPU
		{7E5C557C-B293-47C5-96AA-F5CDE4DA2323}.Release|x64.ActiveCfg = Release|Any CPU
		{7E5C557C-B293-47C5-96AA-F5CDE4DA2323}.Release|x64.Build.0 = Release|Any CPU
		{7E5C557C-B293-47C5-96AA-F5CDE4DA2323}.Release|x86.ActiveCfg = Release|Any CPU
		{7E5C557C-B293-47C5-96AA-F5CDE4DA2323}.Release|x86.Build.0 = Release|Any CPU
	EndGlobalSection
EndGlobal
